// !$*UTF8*$!
{
	archiveVersion = 1;
	classes = {
	};
	objectVersion = 56;
	objects = {

/* Begin PBXBuildFile section */
		1D0F4BD52AECF2AA00F57552 /* MoneyTrackerMobileAppApp.swift in Sources */ = {isa = PBXBuildFile; fileRef = 1D0F4BD42AECF2AA00F57552 /* MoneyTrackerMobileAppApp.swift */; };
		1D0F4BD72AECF2AA00F57552 /* ContentView.swift in Sources */ = {isa = PBXBuildFile; fileRef = 1D0F4BD62AECF2AA00F57552 /* ContentView.swift */; };
		1D0F4BD92AECF2AA00F57552 /* Assets.xcassets in Resources */ = {isa = PBXBuildFile; fileRef = 1D0F4BD82AECF2AA00F57552 /* Assets.xcassets */; };
		1D0F4BDC2AECF2AA00F57552 /* Preview Assets.xcassets in Resources */ = {isa = PBXBuildFile; fileRef = 1D0F4BDB2AECF2AA00F57552 /* Preview Assets.xcassets */; };
		1D0F4BE62AECF2AB00F57552 /* MoneyTrackerMobileAppTests.swift in Sources */ = {isa = PBXBuildFile; fileRef = 1D0F4BE52AECF2AB00F57552 /* MoneyTrackerMobileAppTests.swift */; };
		1D0F4BF02AECF2AB00F57552 /* MoneyTrackerMobileAppUITests.swift in Sources */ = {isa = PBXBuildFile; fileRef = 1D0F4BEF2AECF2AB00F57552 /* MoneyTrackerMobileAppUITests.swift */; };
		1D0F4BF22AECF2AB00F57552 /* MoneyTrackerMobileAppUITestsLaunchTests.swift in Sources */ = {isa = PBXBuildFile; fileRef = 1D0F4BF12AECF2AB00F57552 /* MoneyTrackerMobileAppUITestsLaunchTests.swift */; };
		1D0F4C012AECF58F00F57552 /* Expense.swift in Sources */ = {isa = PBXBuildFile; fileRef = 1D0F4C002AECF58F00F57552 /* Expense.swift */; };
		1D0F4C072AECFF0F00F57552 /* ExpenseMain.swift in Sources */ = {isa = PBXBuildFile; fileRef = 1D0F4C062AECFF0F00F57552 /* ExpenseMain.swift */; };
		1D0F4C092AECFF1700F57552 /* IncomeMain.swift in Sources */ = {isa = PBXBuildFile; fileRef = 1D0F4C082AECFF1700F57552 /* IncomeMain.swift */; };
		1D0F4C0B2AECFF2000F57552 /* DashboardMain.swift in Sources */ = {isa = PBXBuildFile; fileRef = 1D0F4C0A2AECFF2000F57552 /* DashboardMain.swift */; };
		1D0F4C0D2AECFF6100F57552 /* TabMain.swift in Sources */ = {isa = PBXBuildFile; fileRef = 1D0F4C0C2AECFF6100F57552 /* TabMain.swift */; };
		1D0F4C112AED0F3600F57552 /* PickerHelper.swift in Sources */ = {isa = PBXBuildFile; fileRef = 1D0F4C102AED0F3600F57552 /* PickerHelper.swift */; };
		1DD0667F2AF780CD009F7A30 /* User.swift in Sources */ = {isa = PBXBuildFile; fileRef = 1DD0667E2AF780CD009F7A30 /* User.swift */; };
		1DD066812AF785BF009F7A30 /* About.swift in Sources */ = {isa = PBXBuildFile; fileRef = 1DD066802AF785BF009F7A30 /* About.swift */; };
		1DEBD1002AF629FD00FD8F53 /* StorageHelper.swift in Sources */ = {isa = PBXBuildFile; fileRef = 1DEBD0FF2AF629FD00FD8F53 /* StorageHelper.swift */; };
/* End PBXBuildFile section */

/* Begin PBXContainerItemProxy section */
		1D0F4BE22AECF2AB00F57552 /* PBXContainerItemProxy */ = {
			isa = PBXContainerItemProxy;
			containerPortal = 1D0F4BC92AECF2AA00F57552 /* Project object */;
			proxyType = 1;
			remoteGlobalIDString = 1D0F4BD02AECF2AA00F57552;
			remoteInfo = MoneyTrackerMobileApp;
		};
		1D0F4BEC2AECF2AB00F57552 /* PBXContainerItemProxy */ = {
			isa = PBXContainerItemProxy;
			containerPortal = 1D0F4BC92AECF2AA00F57552 /* Project object */;
			proxyType = 1;
			remoteGlobalIDString = 1D0F4BD02AECF2AA00F57552;
			remoteInfo = MoneyTrackerMobileApp;
		};
/* End PBXContainerItemProxy section */

/* Begin PBXFileReference section */
		1D0F4BD12AECF2AA00F57552 /* Money APP.app */ = {isa = PBXFileReference; explicitFileType = wrapper.application; includeInIndex = 0; path = "Money APP.app"; sourceTree = BUILT_PRODUCTS_DIR; };
		1D0F4BD42AECF2AA00F57552 /* MoneyTrackerMobileAppApp.swift */ = {isa = PBXFileReference; lastKnownFileType = sourcecode.swift; path = MoneyTrackerMobileAppApp.swift; sourceTree = "<group>"; };
		1D0F4BD62AECF2AA00F57552 /* ContentView.swift */ = {isa = PBXFileReference; lastKnownFileType = sourcecode.swift; path = ContentView.swift; sourceTree = "<group>"; };
		1D0F4BD82AECF2AA00F57552 /* Assets.xcassets */ = {isa = PBXFileReference; lastKnownFileType = folder.assetcatalog; path = Assets.xcassets; sourceTree = "<group>"; };
		1D0F4BDB2AECF2AA00F57552 /* Preview Assets.xcassets */ = {isa = PBXFileReference; lastKnownFileType = folder.assetcatalog; path = "Preview Assets.xcassets"; sourceTree = "<group>"; };
		1D0F4BE12AECF2AB00F57552 /* MoneyTrackerMobileAppTests.xctest */ = {isa = PBXFileReference; explicitFileType = wrapper.cfbundle; includeInIndex = 0; path = MoneyTrackerMobileAppTests.xctest; sourceTree = BUILT_PRODUCTS_DIR; };
		1D0F4BE52AECF2AB00F57552 /* MoneyTrackerMobileAppTests.swift */ = {isa = PBXFileReference; lastKnownFileType = sourcecode.swift; path = MoneyTrackerMobileAppTests.swift; sourceTree = "<group>"; };
		1D0F4BEB2AECF2AB00F57552 /* MoneyTrackerMobileAppUITests.xctest */ = {isa = PBXFileReference; explicitFileType = wrapper.cfbundle; includeInIndex = 0; path = MoneyTrackerMobileAppUITests.xctest; sourceTree = BUILT_PRODUCTS_DIR; };
		1D0F4BEF2AECF2AB00F57552 /* MoneyTrackerMobileAppUITests.swift */ = {isa = PBXFileReference; lastKnownFileType = sourcecode.swift; path = MoneyTrackerMobileAppUITests.swift; sourceTree = "<group>"; };
		1D0F4BF12AECF2AB00F57552 /* MoneyTrackerMobileAppUITestsLaunchTests.swift */ = {isa = PBXFileReference; lastKnownFileType = sourcecode.swift; path = MoneyTrackerMobileAppUITestsLaunchTests.swift; sourceTree = "<group>"; };
		1D0F4C002AECF58F00F57552 /* Expense.swift */ = {isa = PBXFileReference; lastKnownFileType = sourcecode.swift; path = Expense.swift; sourceTree = "<group>"; };
		1D0F4C062AECFF0F00F57552 /* ExpenseMain.swift */ = {isa = PBXFileReference; lastKnownFileType = sourcecode.swift; path = ExpenseMain.swift; sourceTree = "<group>"; };
		1D0F4C082AECFF1700F57552 /* IncomeMain.swift */ = {isa = PBXFileReference; lastKnownFileType = sourcecode.swift; path = IncomeMain.swift; sourceTree = "<group>"; };
		1D0F4C0A2AECFF2000F57552 /* DashboardMain.swift */ = {isa = PBXFileReference; lastKnownFileType = sourcecode.swift; path = DashboardMain.swift; sourceTree = "<group>"; };
		1D0F4C0C2AECFF6100F57552 /* TabMain.swift */ = {isa = PBXFileReference; lastKnownFileType = sourcecode.swift; path = TabMain.swift; sourceTree = "<group>"; };
		1D0F4C102AED0F3600F57552 /* PickerHelper.swift */ = {isa = PBXFileReference; lastKnownFileType = sourcecode.swift; path = PickerHelper.swift; sourceTree = "<group>"; };
		1DD0667E2AF780CD009F7A30 /* User.swift */ = {isa = PBXFileReference; lastKnownFileType = sourcecode.swift; path = User.swift; sourceTree = "<group>"; };
		1DD066802AF785BF009F7A30 /* About.swift */ = {isa = PBXFileReference; lastKnownFileType = sourcecode.swift; path = About.swift; sourceTree = "<group>"; };
		1DEBD0FF2AF629FD00FD8F53 /* StorageHelper.swift */ = {isa = PBXFileReference; lastKnownFileType = sourcecode.swift; path = StorageHelper.swift; sourceTree = "<group>"; };
		BF9A210D2AFC24DF00CD89F5 /* Info.plist */ = {isa = PBXFileReference; lastKnownFileType = text.plist; path = Info.plist; sourceTree = "<group>"; };
/* End PBXFileReference section */

/* Begin PBXFrameworksBuildPhase section */
		1D0F4BCE2AECF2AA00F57552 /* Frameworks */ = {
			isa = PBXFrameworksBuildPhase;
			buildActionMask = 2147483647;
			files = (
			);
			runOnlyForDeploymentPostprocessing = 0;
		};
		1D0F4BDE2AECF2AB00F57552 /* Frameworks */ = {
			isa = PBXFrameworksBuildPhase;
			buildActionMask = 2147483647;
			files = (
			);
			runOnlyForDeploymentPostprocessing = 0;
		};
		1D0F4BE82AECF2AB00F57552 /* Frameworks */ = {
			isa = PBXFrameworksBuildPhase;
			buildActionMask = 2147483647;
			files = (
			);
			runOnlyForDeploymentPostprocessing = 0;
		};
/* End PBXFrameworksBuildPhase section */

/* Begin PBXGroup section */
		1D0F4BC82AECF2AA00F57552 = {
			isa = PBXGroup;
			children = (
				1D0F4BD32AECF2AA00F57552 /* MoneyTrackerMobileApp */,
				1D0F4BE42AECF2AB00F57552 /* MoneyTrackerMobileAppTests */,
				1D0F4BEE2AECF2AB00F57552 /* MoneyTrackerMobileAppUITests */,
				1D0F4BD22AECF2AA00F57552 /* Products */,
			);
			sourceTree = "<group>";
		};
		1D0F4BD22AECF2AA00F57552 /* Products */ = {
			isa = PBXGroup;
			children = (
				1D0F4BD12AECF2AA00F57552 /* Money APP.app */,
				1D0F4BE12AECF2AB00F57552 /* MoneyTrackerMobileAppTests.xctest */,
				1D0F4BEB2AECF2AB00F57552 /* MoneyTrackerMobileAppUITests.xctest */,
			);
			name = Products;
			sourceTree = "<group>";
		};
		1D0F4BD32AECF2AA00F57552 /* MoneyTrackerMobileApp */ = {
			isa = PBXGroup;
			children = (
				BF9A210D2AFC24DF00CD89F5 /* Info.plist */,
				1D0F4BFE2AECF3D900F57552 /* Sources */,
				1D0F4BD42AECF2AA00F57552 /* MoneyTrackerMobileAppApp.swift */,
				1D0F4BD62AECF2AA00F57552 /* ContentView.swift */,
				1D0F4BD82AECF2AA00F57552 /* Assets.xcassets */,
				1D0F4BDA2AECF2AA00F57552 /* Preview Content */,
				1DD066802AF785BF009F7A30 /* About.swift */,
			);
			path = MoneyTrackerMobileApp;
			sourceTree = "<group>";
		};
		1D0F4BDA2AECF2AA00F57552 /* Preview Content */ = {
			isa = PBXGroup;
			children = (
				1D0F4BDB2AECF2AA00F57552 /* Preview Assets.xcassets */,
			);
			path = "Preview Content";
			sourceTree = "<group>";
		};
		1D0F4BE42AECF2AB00F57552 /* MoneyTrackerMobileAppTests */ = {
			isa = PBXGroup;
			children = (
				1D0F4BE52AECF2AB00F57552 /* MoneyTrackerMobileAppTests.swift */,
			);
			path = MoneyTrackerMobileAppTests;
			sourceTree = "<group>";
		};
		1D0F4BEE2AECF2AB00F57552 /* MoneyTrackerMobileAppUITests */ = {
			isa = PBXGroup;
			children = (
				1D0F4BEF2AECF2AB00F57552 /* MoneyTrackerMobileAppUITests.swift */,
				1D0F4BF12AECF2AB00F57552 /* MoneyTrackerMobileAppUITestsLaunchTests.swift */,
			);
			path = MoneyTrackerMobileAppUITests;
			sourceTree = "<group>";
		};
		1D0F4BFE2AECF3D900F57552 /* Sources */ = {
			isa = PBXGroup;
			children = (
				1D0F4C0E2AED0F1300F57552 /* Utils */,
				1D0F4C022AECFEC600F57552 /* Screens */,
				1D0F4BFF2AECF56800F57552 /* Model */,
			);
			path = Sources;
			sourceTree = "<group>";
		};
		1D0F4BFF2AECF56800F57552 /* Model */ = {
			isa = PBXGroup;
			children = (
				1D0F4C002AECF58F00F57552 /* Expense.swift */,
				1DD0667E2AF780CD009F7A30 /* User.swift */,
			);
			path = Model;
			sourceTree = "<group>";
		};
		1D0F4C022AECFEC600F57552 /* Screens */ = {
			isa = PBXGroup;
			children = (
				1D0F4C052AECFEFB00F57552 /* Expense */,
				1D0F4C042AECFEF600F57552 /* Income */,
				1D0F4C032AECFED900F57552 /* Dashboard */,
				1D0F4C0C2AECFF6100F57552 /* TabMain.swift */,
			);
			path = Screens;
			sourceTree = "<group>";
		};
		1D0F4C032AECFED900F57552 /* Dashboard */ = {
			isa = PBXGroup;
			children = (
				1D0F4C0A2AECFF2000F57552 /* DashboardMain.swift */,
			);
			path = Dashboard;
			sourceTree = "<group>";
		};
		1D0F4C042AECFEF600F57552 /* Income */ = {
			isa = PBXGroup;
			children = (
				1D0F4C082AECFF1700F57552 /* IncomeMain.swift */,
			);
			path = Income;
			sourceTree = "<group>";
		};
		1D0F4C052AECFEFB00F57552 /* Expense */ = {
			isa = PBXGroup;
			children = (
				1D0F4C062AECFF0F00F57552 /* ExpenseMain.swift */,
			);
			path = Expense;
			sourceTree = "<group>";
		};
		1D0F4C0E2AED0F1300F57552 /* Utils */ = {
			isa = PBXGroup;
			children = (
				1DEBD0FE2AF629E700FD8F53 /* Storage */,
				1D0F4C0F2AED0F1A00F57552 /* PickerHelper */,
			);
			path = Utils;
			sourceTree = "<group>";
		};
		1D0F4C0F2AED0F1A00F57552 /* PickerHelper */ = {
			isa = PBXGroup;
			children = (
				1D0F4C102AED0F3600F57552 /* PickerHelper.swift */,
			);
			path = PickerHelper;
			sourceTree = "<group>";
		};
		1DEBD0FE2AF629E700FD8F53 /* Storage */ = {
			isa = PBXGroup;
			children = (
				1DEBD0FF2AF629FD00FD8F53 /* StorageHelper.swift */,
			);
			path = Storage;
			sourceTree = "<group>";
		};
/* End PBXGroup section */

/* Begin PBXNativeTarget section */
		1D0F4BD02AECF2AA00F57552 /* MoneyTrackerMobileApp */ = {
			isa = PBXNativeTarget;
			buildConfigurationList = 1D0F4BF52AECF2AB00F57552 /* Build configuration list for PBXNativeTarget "MoneyTrackerMobileApp" */;
			buildPhases = (
				1D0F4BCD2AECF2AA00F57552 /* Sources */,
				1D0F4BCE2AECF2AA00F57552 /* Frameworks */,
				1D0F4BCF2AECF2AA00F57552 /* Resources */,
			);
			buildRules = (
			);
			dependencies = (
			);
			name = MoneyTrackerMobileApp;
			productName = MoneyTrackerMobileApp;
			productReference = 1D0F4BD12AECF2AA00F57552 /* Money APP.app */;
			productType = "com.apple.product-type.application";
		};
		1D0F4BE02AECF2AB00F57552 /* MoneyTrackerMobileAppTests */ = {
			isa = PBXNativeTarget;
			buildConfigurationList = 1D0F4BF82AECF2AB00F57552 /* Build configuration list for PBXNativeTarget "MoneyTrackerMobileAppTests" */;
			buildPhases = (
				1D0F4BDD2AECF2AB00F57552 /* Sources */,
				1D0F4BDE2AECF2AB00F57552 /* Frameworks */,
				1D0F4BDF2AECF2AB00F57552 /* Resources */,
			);
			buildRules = (
			);
			dependencies = (
				1D0F4BE32AECF2AB00F57552 /* PBXTargetDependency */,
			);
			name = MoneyTrackerMobileAppTests;
			productName = MoneyTrackerMobileAppTests;
			productReference = 1D0F4BE12AECF2AB00F57552 /* MoneyTrackerMobileAppTests.xctest */;
			productType = "com.apple.product-type.bundle.unit-test";
		};
		1D0F4BEA2AECF2AB00F57552 /* MoneyTrackerMobileAppUITests */ = {
			isa = PBXNativeTarget;
			buildConfigurationList = 1D0F4BFB2AECF2AB00F57552 /* Build configuration list for PBXNativeTarget "MoneyTrackerMobileAppUITests" */;
			buildPhases = (
				1D0F4BE72AECF2AB00F57552 /* Sources */,
				1D0F4BE82AECF2AB00F57552 /* Frameworks */,
				1D0F4BE92AECF2AB00F57552 /* Resources */,
			);
			buildRules = (
			);
			dependencies = (
				1D0F4BED2AECF2AB00F57552 /* PBXTargetDependency */,
			);
			name = MoneyTrackerMobileAppUITests;
			productName = MoneyTrackerMobileAppUITests;
			productReference = 1D0F4BEB2AECF2AB00F57552 /* MoneyTrackerMobileAppUITests.xctest */;
			productType = "com.apple.product-type.bundle.ui-testing";
		};
/* End PBXNativeTarget section */

/* Begin PBXProject section */
		1D0F4BC92AECF2AA00F57552 /* Project object */ = {
			isa = PBXProject;
			attributes = {
				BuildIndependentTargetsInParallel = 1;
				LastSwiftUpdateCheck = 1430;
				LastUpgradeCheck = 1430;
				TargetAttributes = {
					1D0F4BD02AECF2AA00F57552 = {
						CreatedOnToolsVersion = 14.3.1;
					};
					1D0F4BE02AECF2AB00F57552 = {
						CreatedOnToolsVersion = 14.3.1;
						TestTargetID = 1D0F4BD02AECF2AA00F57552;
					};
					1D0F4BEA2AECF2AB00F57552 = {
						CreatedOnToolsVersion = 14.3.1;
						TestTargetID = 1D0F4BD02AECF2AA00F57552;
					};
				};
			};
			buildConfigurationList = 1D0F4BCC2AECF2AA00F57552 /* Build configuration list for PBXProject "MoneyTrackerMobileApp" */;
			compatibilityVersion = "Xcode 14.0";
			developmentRegion = en;
			hasScannedForEncodings = 0;
			knownRegions = (
				en,
				Base,
			);
			mainGroup = 1D0F4BC82AECF2AA00F57552;
			productRefGroup = 1D0F4BD22AECF2AA00F57552 /* Products */;
			projectDirPath = "";
			projectRoot = "";
			targets = (
				1D0F4BD02AECF2AA00F57552 /* MoneyTrackerMobileApp */,
				1D0F4BE02AECF2AB00F57552 /* MoneyTrackerMobileAppTests */,
				1D0F4BEA2AECF2AB00F57552 /* MoneyTrackerMobileAppUITests */,
			);
		};
/* End PBXProject section */

/* Begin PBXResourcesBuildPhase section */
		1D0F4BCF2AECF2AA00F57552 /* Resources */ = {
			isa = PBXResourcesBuildPhase;
			buildActionMask = 2147483647;
			files = (
				1D0F4BDC2AECF2AA00F57552 /* Preview Assets.xcassets in Resources */,
				1D0F4BD92AECF2AA00F57552 /* Assets.xcassets in Resources */,
			);
			runOnlyForDeploymentPostprocessing = 0;
		};
		1D0F4BDF2AECF2AB00F57552 /* Resources */ = {
			isa = PBXResourcesBuildPhase;
			buildActionMask = 2147483647;
			files = (
			);
			runOnlyForDeploymentPostprocessing = 0;
		};
		1D0F4BE92AECF2AB00F57552 /* Resources */ = {
			isa = PBXResourcesBuildPhase;
			buildActionMask = 2147483647;
			files = (
			);
			runOnlyForDeploymentPostprocessing = 0;
		};
/* End PBXResourcesBuildPhase section */

/* Begin PBXSourcesBuildPhase section */
		1D0F4BCD2AECF2AA00F57552 /* Sources */ = {
			isa = PBXSourcesBuildPhase;
			buildActionMask = 2147483647;
			files = (
				1D0F4C012AECF58F00F57552 /* Expense.swift in Sources */,
				1D0F4C0B2AECFF2000F57552 /* DashboardMain.swift in Sources */,
				1DD066812AF785BF009F7A30 /* About.swift in Sources */,
				1DEBD1002AF629FD00FD8F53 /* StorageHelper.swift in Sources */,
				1D0F4C072AECFF0F00F57552 /* ExpenseMain.swift in Sources */,
				1D0F4C112AED0F3600F57552 /* PickerHelper.swift in Sources */,
				1D0F4C0D2AECFF6100F57552 /* TabMain.swift in Sources */,
				1D0F4BD72AECF2AA00F57552 /* ContentView.swift in Sources */,
				1D0F4BD52AECF2AA00F57552 /* MoneyTrackerMobileAppApp.swift in Sources */,
				1DD0667F2AF780CD009F7A30 /* User.swift in Sources */,
				1D0F4C092AECFF1700F57552 /* IncomeMain.swift in Sources */,
			);
			runOnlyForDeploymentPostprocessing = 0;
		};
		1D0F4BDD2AECF2AB00F57552 /* Sources */ = {
			isa = PBXSourcesBuildPhase;
			buildActionMask = 2147483647;
			files = (
				1D0F4BE62AECF2AB00F57552 /* MoneyTrackerMobileAppTests.swift in Sources */,
			);
			runOnlyForDeploymentPostprocessing = 0;
		};
		1D0F4BE72AECF2AB00F57552 /* Sources */ = {
			isa = PBXSourcesBuildPhase;
			buildActionMask = 2147483647;
			files = (
				1D0F4BF22AECF2AB00F57552 /* MoneyTrackerMobileAppUITestsLaunchTests.swift in Sources */,
				1D0F4BF02AECF2AB00F57552 /* MoneyTrackerMobileAppUITests.swift in Sources */,
			);
			runOnlyForDeploymentPostprocessing = 0;
		};
/* End PBXSourcesBuildPhase section */

/* Begin PBXTargetDependency section */
		1D0F4BE32AECF2AB00F57552 /* PBXTargetDependency */ = {
			isa = PBXTargetDependency;
			target = 1D0F4BD02AECF2AA00F57552 /* MoneyTrackerMobileApp */;
			targetProxy = 1D0F4BE22AECF2AB00F57552 /* PBXContainerItemProxy */;
		};
		1D0F4BED2AECF2AB00F57552 /* PBXTargetDependency */ = {
			isa = PBXTargetDependency;
			target = 1D0F4BD02AECF2AA00F57552 /* MoneyTrackerMobileApp */;
			targetProxy = 1D0F4BEC2AECF2AB00F57552 /* PBXContainerItemProxy */;
		};
/* End PBXTargetDependency section */

/* Begin XCBuildConfiguration section */
		1D0F4BF32AECF2AB00F57552 /* Debug */ = {
			isa = XCBuildConfiguration;
			buildSettings = {
				ALWAYS_SEARCH_USER_PATHS = NO;
				CLANG_ANALYZER_NONNULL = YES;
				CLANG_ANALYZER_NUMBER_OBJECT_CONVERSION = YES_AGGRESSIVE;
				CLANG_CXX_LANGUAGE_STANDARD = "gnu++20";
				CLANG_ENABLE_MODULES = YES;
				CLANG_ENABLE_OBJC_ARC = YES;
				CLANG_ENABLE_OBJC_WEAK = YES;
				CLANG_WARN_BLOCK_CAPTURE_AUTORELEASING = YES;
				CLANG_WARN_BOOL_CONVERSION = YES;
				CLANG_WARN_COMMA = YES;
				CLANG_WARN_CONSTANT_CONVERSION = YES;
				CLANG_WARN_DEPRECATED_OBJC_IMPLEMENTATIONS = YES;
				CLANG_WARN_DIRECT_OBJC_ISA_USAGE = YES_ERROR;
				CLANG_WARN_DOCUMENTATION_COMMENTS = YES;
				CLANG_WARN_EMPTY_BODY = YES;
				CLANG_WARN_ENUM_CONVERSION = YES;
				CLANG_WARN_INFINITE_RECURSION = YES;
				CLANG_WARN_INT_CONVERSION = YES;
				CLANG_WARN_NON_LITERAL_NULL_CONVERSION = YES;
				CLANG_WARN_OBJC_IMPLICIT_RETAIN_SELF = YES;
				CLANG_WARN_OBJC_LITERAL_CONVERSION = YES;
				CLANG_WARN_OBJC_ROOT_CLASS = YES_ERROR;
				CLANG_WARN_QUOTED_INCLUDE_IN_FRAMEWORK_HEADER = YES;
				CLANG_WARN_RANGE_LOOP_ANALYSIS = YES;
				CLANG_WARN_STRICT_PROTOTYPES = YES;
				CLANG_WARN_SUSPICIOUS_MOVE = YES;
				CLANG_WARN_UNGUARDED_AVAILABILITY = YES_AGGRESSIVE;
				CLANG_WARN_UNREACHABLE_CODE = YES;
				CLANG_WARN__DUPLICATE_METHOD_MATCH = YES;
				COPY_PHASE_STRIP = NO;
				DEBUG_INFORMATION_FORMAT = dwarf;
				ENABLE_STRICT_OBJC_MSGSEND = YES;
				ENABLE_TESTABILITY = YES;
				GCC_C_LANGUAGE_STANDARD = gnu11;
				GCC_DYNAMIC_NO_PIC = NO;
				GCC_NO_COMMON_BLOCKS = YES;
				GCC_OPTIMIZATION_LEVEL = 0;
				GCC_PREPROCESSOR_DEFINITIONS = (
					"DEBUG=1",
					"$(inherited)",
				);
				GCC_WARN_64_TO_32_BIT_CONVERSION = YES;
				GCC_WARN_ABOUT_RETURN_TYPE = YES_ERROR;
				GCC_WARN_UNDECLARED_SELECTOR = YES;
				GCC_WARN_UNINITIALIZED_AUTOS = YES_AGGRESSIVE;
				GCC_WARN_UNUSED_FUNCTION = YES;
				GCC_WARN_UNUSED_VARIABLE = YES;
				IPHONEOS_DEPLOYMENT_TARGET = 16.4;
				MTL_ENABLE_DEBUG_INFO = INCLUDE_SOURCE;
				MTL_FAST_MATH = YES;
				ONLY_ACTIVE_ARCH = YES;
				SDKROOT = iphoneos;
				SWIFT_ACTIVE_COMPILATION_CONDITIONS = DEBUG;
				SWIFT_OPTIMIZATION_LEVEL = "-Onone";
			};
			name = Debug;
		};
		1D0F4BF42AECF2AB00F57552 /* Release */ = {
			isa = XCBuildConfiguration;
			buildSettings = {
				ALWAYS_SEARCH_USER_PATHS = NO;
				CLANG_ANALYZER_NONNULL = YES;
				CLANG_ANALYZER_NUMBER_OBJECT_CONVERSION = YES_AGGRESSIVE;
				CLANG_CXX_LANGUAGE_STANDARD = "gnu++20";
				CLANG_ENABLE_MODULES = YES;
				CLANG_ENABLE_OBJC_ARC = YES;
				CLANG_ENABLE_OBJC_WEAK = YES;
				CLANG_WARN_BLOCK_CAPTURE_AUTORELEASING = YES;
				CLANG_WARN_BOOL_CONVERSION = YES;
				CLANG_WARN_COMMA = YES;
				CLANG_WARN_CONSTANT_CONVERSION = YES;
				CLANG_WARN_DEPRECATED_OBJC_IMPLEMENTATIONS = YES;
				CLANG_WARN_DIRECT_OBJC_ISA_USAGE = YES_ERROR;
				CLANG_WARN_DOCUMENTATION_COMMENTS = YES;
				CLANG_WARN_EMPTY_BODY = YES;
				CLANG_WARN_ENUM_CONVERSION = YES;
				CLANG_WARN_INFINITE_RECURSION = YES;
				CLANG_WARN_INT_CONVERSION = YES;
				CLANG_WARN_NON_LITERAL_NULL_CONVERSION = YES;
				CLANG_WARN_OBJC_IMPLICIT_RETAIN_SELF = YES;
				CLANG_WARN_OBJC_LITERAL_CONVERSION = YES;
				CLANG_WARN_OBJC_ROOT_CLASS = YES_ERROR;
				CLANG_WARN_QUOTED_INCLUDE_IN_FRAMEWORK_HEADER = YES;
				CLANG_WARN_RANGE_LOOP_ANALYSIS = YES;
				CLANG_WARN_STRICT_PROTOTYPES = YES;
				CLANG_WARN_SUSPICIOUS_MOVE = YES;
				CLANG_WARN_UNGUARDED_AVAILABILITY = YES_AGGRESSIVE;
				CLANG_WARN_UNREACHABLE_CODE = YES;
				CLANG_WARN__DUPLICATE_METHOD_MATCH = YES;
				COPY_PHASE_STRIP = NO;
				DEBUG_INFORMATION_FORMAT = "dwarf-with-dsym";
				ENABLE_NS_ASSERTIONS = NO;
				ENABLE_STRICT_OBJC_MSGSEND = YES;
				GCC_C_LANGUAGE_STANDARD = gnu11;
				GCC_NO_COMMON_BLOCKS = YES;
				GCC_WARN_64_TO_32_BIT_CONVERSION = YES;
				GCC_WARN_ABOUT_RETURN_TYPE = YES_ERROR;
				GCC_WARN_UNDECLARED_SELECTOR = YES;
				GCC_WARN_UNINITIALIZED_AUTOS = YES_AGGRESSIVE;
				GCC_WARN_UNUSED_FUNCTION = YES;
				GCC_WARN_UNUSED_VARIABLE = YES;
				IPHONEOS_DEPLOYMENT_TARGET = 16.4;
				MTL_ENABLE_DEBUG_INFO = NO;
				MTL_FAST_MATH = YES;
				SDKROOT = iphoneos;
				SWIFT_COMPILATION_MODE = wholemodule;
				SWIFT_OPTIMIZATION_LEVEL = "-O";
				VALIDATE_PRODUCT = YES;
			};
			name = Release;
		};
		1D0F4BF62AECF2AB00F57552 /* Debug */ = {
			isa = XCBuildConfiguration;
			buildSettings = {
				ASSETCATALOG_COMPILER_APPICON_NAME = AppIcon;
				ASSETCATALOG_COMPILER_GLOBAL_ACCENT_COLOR_NAME = AccentColor;
				CODE_SIGN_STYLE = Automatic;
				CURRENT_PROJECT_VERSION = 1;
				DEVELOPMENT_ASSET_PATHS = "\"MoneyTrackerMobileApp/Preview Content\"";
				DEVELOPMENT_TEAM = MN2C4KUDVN;
				ENABLE_PREVIEWS = YES;
				GENERATE_INFOPLIST_FILE = YES;
				INFOPLIST_FILE = MoneyTrackerMobileApp/Info.plist;
				INFOPLIST_KEY_UIApplicationSceneManifest_Generation = YES;
				INFOPLIST_KEY_UIApplicationSupportsIndirectInputEvents = YES;
				INFOPLIST_KEY_UISupportedInterfaceOrientations_iPad = "UIInterfaceOrientationPortrait UIInterfaceOrientationPortraitUpsideDown UIInterfaceOrientationLandscapeLeft UIInterfaceOrientationLandscapeRight";
				INFOPLIST_KEY_UISupportedInterfaceOrientations_iPhone = "UIInterfaceOrientationPortrait UIInterfaceOrientationLandscapeLeft UIInterfaceOrientationLandscapeRight";
				LD_RUNPATH_SEARCH_PATHS = (
					"$(inherited)",
					"@executable_path/Frameworks",
				);
				MARKETING_VERSION = 1.0;
				PRODUCT_BUNDLE_IDENTIFIER = com.SpotifyTemplate.MoneyTrackerMobileApp;
				PRODUCT_NAME = "Money APP";
				SWIFT_EMIT_LOC_STRINGS = YES;
				SWIFT_VERSION = 5.0;
				TARGETED_DEVICE_FAMILY = "1,2";
			};
			name = Debug;
		};
		1D0F4BF72AECF2AB00F57552 /* Release */ = {
			isa = XCBuildConfiguration;
			buildSettings = {
				ASSETCATALOG_COMPILER_APPICON_NAME = AppIcon;
				ASSETCATALOG_COMPILER_GLOBAL_ACCENT_COLOR_NAME = AccentColor;
				CODE_SIGN_STYLE = Automatic;
				CURRENT_PROJECT_VERSION = 1;
				DEVELOPMENT_ASSET_PATHS = "\"MoneyTrackerMobileApp/Preview Content\"";
				DEVELOPMENT_TEAM = MN2C4KUDVN;
				ENABLE_PREVIEWS = YES;
				GENERATE_INFOPLIST_FILE = YES;
				INFOPLIST_FILE = MoneyTrackerMobileApp/Info.plist;
				INFOPLIST_KEY_UIApplicationSceneManifest_Generation = YES;
				INFOPLIST_KEY_UIApplicationSupportsIndirectInputEvents = YES;
				INFOPLIST_KEY_UISupportedInterfaceOrientations_iPad = "UIInterfaceOrientationPortrait UIInterfaceOrientationPortraitUpsideDown UIInterfaceOrientationLandscapeLeft UIInterfaceOrientationLandscapeRight";
				INFOPLIST_KEY_UISupportedInterfaceOrientations_iPhone = "UIInterfaceOrientationPortrait UIInterfaceOrientationLandscapeLeft UIInterfaceOrientationLandscapeRight";
				LD_RUNPATH_SEARCH_PATHS = (
					"$(inherited)",
					"@executable_path/Frameworks",
				);
				MARKETING_VERSION = 1.0;
				PRODUCT_BUNDLE_IDENTIFIER = com.SpotifyTemplate.MoneyTrackerMobileApp;
				PRODUCT_NAME = "Money APP";
				SWIFT_EMIT_LOC_STRINGS = YES;
				SWIFT_VERSION = 5.0;
				TARGETED_DEVICE_FAMILY = "1,2";
			};
			name = Release;
		};
		1D0F4BF92AECF2AB00F57552 /* Debug */ = {
			isa = XCBuildConfiguration;
			buildSettings = {
				ALWAYS_EMBED_SWIFT_STANDARD_LIBRARIES = YES;
				BUNDLE_LOADER = "$(TEST_HOST)";
				CODE_SIGN_STYLE = Automatic;
				CURRENT_PROJECT_VERSION = 1;
				GENERATE_INFOPLIST_FILE = YES;
				IPHONEOS_DEPLOYMENT_TARGET = 16.4;
				MARKETING_VERSION = 1.0;
				PRODUCT_BUNDLE_IDENTIFIER = com.SpotifyTemplate.MoneyTrackerMobileAppTests;
				PRODUCT_NAME = "$(TARGET_NAME)";
				SWIFT_EMIT_LOC_STRINGS = NO;
				SWIFT_VERSION = 5.0;
				TARGETED_DEVICE_FAMILY = "1,2";
				TEST_HOST = "$(BUILT_PRODUCTS_DIR)/MoneyTrackerMobileApp.app/$(BUNDLE_EXECUTABLE_FOLDER_PATH)/MoneyTrackerMobileApp";
			};
			name = Debug;
		};
		1D0F4BFA2AECF2AB00F57552 /* Release */ = {
			isa = XCBuildConfiguration;
			buildSettings = {
				ALWAYS_EMBED_SWIFT_STANDARD_LIBRARIES = YES;
				BUNDLE_LOADER = "$(TEST_HOST)";
				CODE_SIGN_STYLE = Automatic;
				CURRENT_PROJECT_VERSION = 1;
				GENERATE_INFOPLIST_FILE = YES;
				IPHONEOS_DEPLOYMENT_TARGET = 16.4;
				MARKETING_VERSION = 1.0;
				PRODUCT_BUNDLE_IDENTIFIER = com.SpotifyTemplate.MoneyTrackerMobileAppTests;
				PRODUCT_NAME = "$(TARGET_NAME)";
				SWIFT_EMIT_LOC_STRINGS = NO;
				SWIFT_VERSION = 5.0;
				TARGETED_DEVICE_FAMILY = "1,2";
				TEST_HOST = "$(BUILT_PRODUCTS_DIR)/MoneyTrackerMobileApp.app/$(BUNDLE_EXECUTABLE_FOLDER_PATH)/MoneyTrackerMobileApp";
			};
			name = Release;
		};
		1D0F4BFC2AECF2AB00F57552 /* Debug */ = {
			isa = XCBuildConfiguration;
			buildSettings = {
				ALWAYS_EMBED_SWIFT_STANDARD_LIBRARIES = YES;
				CODE_SIGN_STYLE = Automatic;
				CURRENT_PROJECT_VERSION = 1;
				GENERATE_INFOPLIST_FILE = YES;
				MARKETING_VERSION = 1.0;
				PRODUCT_BUNDLE_IDENTIFIER = com.SpotifyTemplate.MoneyTrackerMobileAppUITests;
				PRODUCT_NAME = "$(TARGET_NAME)";
				SWIFT_EMIT_LOC_STRINGS = NO;
				SWIFT_VERSION = 5.0;
				TARGETED_DEVICE_FAMILY = "1,2";
				TEST_TARGET_NAME = MoneyTrackerMobileApp;
			};
			name = Debug;
		};
		1D0F4BFD2AECF2AB00F57552 /* Release */ = {
			isa = XCBuildConfiguration;
			buildSettings = {
				ALWAYS_EMBED_SWIFT_STANDARD_LIBRARIES = YES;
				CODE_SIGN_STYLE = Automatic;
				CURRENT_PROJECT_VERSION = 1;
				GENERATE_INFOPLIST_FILE = YES;
				MARKETING_VERSION = 1.0;
				PRODUCT_BUNDLE_IDENTIFIER = com.SpotifyTemplate.MoneyTrackerMobileAppUITests;
				PRODUCT_NAME = "$(TARGET_NAME)";
				SWIFT_EMIT_LOC_STRINGS = NO;
				SWIFT_VERSION = 5.0;
				TARGETED_DEVICE_FAMILY = "1,2";
				TEST_TARGET_NAME = MoneyTrackerMobileApp;
			};
			name = Release;
		};
/* End XCBuildConfiguration section */

/* Begin XCConfigurationList section */
		1D0F4BCC2AECF2AA00F57552 /* Build configuration list for PBXProject "MoneyTrackerMobileApp" */ = {
			isa = XCConfigurationList;
			buildConfigurations = (
				1D0F4BF32AECF2AB00F57552 /* Debug */,
				1D0F4BF42AECF2AB00F57552 /* Release */,
			);
			defaultConfigurationIsVisible = 0;
			defaultConfigurationName = Release;
		};
		1D0F4BF52AECF2AB00F57552 /* Build configuration list for PBXNativeTarget "MoneyTrackerMobileApp" */ = {
			isa = XCConfigurationList;
			buildConfigurations = (
				1D0F4BF62AECF2AB00F57552 /* Debug */,
				1D0F4BF72AECF2AB00F57552 /* Release */,
			);
			defaultConfigurationIsVisible = 0;
			defaultConfigurationName = Release;
		};
		1D0F4BF82AECF2AB00F57552 /* Build configuration list for PBXNativeTarget "MoneyTrackerMobileAppTests" */ = {
			isa = XCConfigurationList;
			buildConfigurations = (
				1D0F4BF92AECF2AB00F57552 /* Debug */,
				1D0F4BFA2AECF2AB00F57552 /* Release */,
			);
			defaultConfigurationIsVisible = 0;
			defaultConfigurationName = Release;
		};
		1D0F4BFB2AECF2AB00F57552 /* Build configuration list for PBXNativeTarget "MoneyTrackerMobileAppUITests" */ = {
			isa = XCConfigurationList;
			buildConfigurations = (
				1D0F4BFC2AECF2AB00F57552 /* Debug */,
				1D0F4BFD2AECF2AB00F57552 /* Release */,
			);
			defaultConfigurationIsVisible = 0;
			defaultConfigurationName = Release;
		};
/* End XCConfigurationList section */
	};
	rootObject = 1D0F4BC92AECF2AA00F57552 /* Project object */;
}
